
Microsoft Visual Studio Solution File, Format Version 12.00
# Visual Studio 15
VisualStudioVersion = 15.0.28307.902
MinimumVisualStudioVersion = 10.0.40219.1
Project("{FAE04EC0-301F-11D3-BF4B-00C04F79EFBC}") = "QRTech", "QRTech\QRTech.csproj", "{D3D92B8D-20A3-4357-9C5E-786B77A6F84A}"
EndProject
Global
	GlobalSection(SolutionConfigurationPlatforms) = preSolution
		Debug|Any CPU = Debug|Any CPU
		Release|Any CPU = Release|Any CPU
	EndGlobalSection
	GlobalSection(ProjectConfigurationPlatforms) = postSolution
		{D3D92B8D-20A3-4357-9C5E-786B77A6F84A}.Debug|Any CPU.ActiveCfg = Debug|Any CPU
		{D3D92B8D-20A3-4357-9C5E-786B77A6F84A}.Debug|Any CPU.Build.0 = Debug|Any CPU
		{D3D92B8D-20A3-4357-9C5E-786B77A6F84A}.Release|Any CPU.ActiveCfg = Release|Any CPU
		{D3D92B8D-20A3-4357-9C5E-786B77A6F84A}.Release|Any CPU.Build.0 = Release|Any CPU
	EndGlobalSection
	GlobalSection(SolutionProperties) = preSolution
		HideSolutionNode = FALSE
	EndGlobalSection
	GlobalSection(ExtensibilityGlobals) = postSolution
		SolutionGuid = {F8DFD69E-0265-431B-B83E-E8B915D488BF}
	EndGlobalSection
EndGlobal
